
Microsoft Visual Studio Solution File, Format Version 12.00
# Visual Studio 15
VisualStudioVersion = 15.0.28010.2016
MinimumVisualStudioVersion = 10.0.40219.1
Project("{8BC9CEB8-8B4A-11D0-8D11-00A0C91BC942}") = "prak_string", "prak_string\prak_string.vcxproj", "{C8343D96-11AB-4AD9-9E4B-E427260B8C13}"
EndProject
Global
	GlobalSection(SolutionConfigurationPlatforms) = preSolution
		Debug|x64 = Debug|x64
		Debug|x86 = Debug|x86
		Release|x64 = Release|x64
		Release|x86 = Release|x86
	EndGlobalSection
	GlobalSection(ProjectConfigurationPlatforms) = postSolution
		{C8343D96-11AB-4AD9-9E4B-E427260B8C13}.Debug|x64.ActiveCfg = Debug|x64
		{C8343D96-11AB-4AD9-9E4B-E427260B8C13}.Debug|x64.Build.0 = Debug|x64
		{C8343D96-11AB-4AD9-9E4B-E427260B8C13}.Debug|x86.ActiveCfg = Debug|Win32
		{C8343D96-11AB-4AD9-9E4B-E427260B8C13}.Debug|x86.Build.0 = Debug|Win32
		{C8343D96-11AB-4AD9-9E4B-E427260B8C13}.Release|x64.ActiveCfg = Release|x64
		{C8343D96-11AB-4AD9-9E4B-E427260B8C13}.Release|x64.Build.0 = Release|x64
		{C8343D96-11AB-4AD9-9E4B-E427260B8C13}.Release|x86.ActiveCfg = Release|Win32
		{C8343D96-11AB-4AD9-9E4B-E427260B8C13}.Release|x86.Build.0 = Release|Win32
	EndGlobalSection
	GlobalSection(SolutionProperties) = preSolution
		HideSolutionNode = FALSE
	EndGlobalSection
	GlobalSection(ExtensibilityGlobals) = postSolution
		SolutionGuid = {AF323E52-CCCA-4F67-A71C-7D268241CB49}
	EndGlobalSection
EndGlobal
